<Solution>
  <Folder Name="/Task0/">
    <Project Path="Tyuiu.MatyushenkoSV.Sprint0.Task0.V0/Tyuiu.MatyushenkoSV.Sprint0.Task0.V0.csproj" />
  </Folder>
  <Folder Name="/Task1/">
    <Project Path="Tyuiu.MatyushenkoSV.Sprint0.Task1.V0/Tyuiu.MatyushenkoSV.Sprint0.Task1.V0.csproj" Id="dd203e0a-4919-4a07-9ad6-e60d8b17d587" />
  </Folder>
  <Folder Name="/Task2/">
    <Project Path="Tyuiu.MatyushenkoSV.Sprint0.Task2.V0.Lib/Tyuiu.MatyushenkoSV.Sprint0.Task2.V0.Lib.csproj" Id="f1e23b30-b3ab-4f89-b639-1c814ddc65ce" />
    <Project Path="Tyuiu.MatyushenkoSV.Sprint0.Task2.V0.Test/Tyuiu.MatyushenkoSV.Sprint0.Task2.V0.Test.csproj" Id="0d07b0e0-ca86-42c0-b62e-4a5f81a3264b" />
    <Project Path="Tyuiu.MatyushenkoSV.Sprint0.Task2.V0/Tyuiu.MatyushenkoSV.Sprint0.Task2.V0.csproj" Id="85a42462-9f5e-488c-a1c8-c3549bfb430a" />
  </Folder>
  <Folder Name="/Task3/">
    <Project Path="Tyuiu.MatyushenkoSV.Sprint0.Task3.V0.Lib/Tyuiu.MatyushenkoSV.Sprint0.Task3.V0.Lib.csproj" Id="3f14f2d4-31b5-43e1-976c-244edb9a01e4" />
    <Project Path="Tyuiu.MatyushenkoSV.Sprint0.Task3.V0.Test/Tyuiu.MatyushenkoSV.Sprint0.Task3.V0.Test.csproj" Id="73241fc2-a35b-4851-aa8f-138a9a43119a" />
    <Project Path="Tyuiu.MatyushenkoSV.Sprint0.Task3.V0/Tyuiu.MatyushenkoSV.Sprint0.Task3.V0.csproj" Id="f703a819-d5b6-4628-862f-d24ea0f623aa" />
  </Folder>
  <Folder Name="/Task4/">
    <Project Path="Tyuiu.MatyushenkoSV.Sprint0.Task4.V0.Lib/Tyuiu.MatyushenkoSV.Sprint0.Task4.V0.Lib.csproj" Id="83082d4f-eb60-4633-b6e1-fa0b384df69f" />
    <Project Path="Tyuiu.MatyushenkoSV.Sprint0.Task4.V0.Test/Tyuiu.MatyushenkoSV.Sprint0.Task4.V0.Test.csproj" Id="8ad0447d-f2fa-4b03-aba2-403da725719e" />
    <Project Path="Tyuiu.MatyushenkoSV.Sprint0.Task4.V0/Tyuiu.MatyushenkoSV.Sprint0.Task4.V0.csproj" Id="b4b78696-3467-4397-bf0a-4e1baf45569c" />
  </Folder>
</Solution>
